
Microsoft Visual Studio Solution File, Format Version 12.00
# Visual Studio Version 17
VisualStudioVersion = 17.5.33516.290
MinimumVisualStudioVersion = 10.0.40219.1
Project("{FAE04EC0-301F-11D3-BF4B-00C04F79EFBC}") = "winElectricStore.cs", "winElectricStore.cs\winElectricStore.cs.csproj", "{499ACB1C-A94B-473B-A015-A4DC09359A86}"
EndProject
Global
	GlobalSection(SolutionConfigurationPlatforms) = preSolution
		Debug|Any CPU = Debug|Any CPU
		Release|Any CPU = Release|Any CPU
	EndGlobalSection
	GlobalSection(ProjectConfigurationPlatforms) = postSolution
		{499ACB1C-A94B-473B-A015-A4DC09359A86}.Debug|Any CPU.ActiveCfg = Debug|Any CPU
		{499ACB1C-A94B-473B-A015-A4DC09359A86}.Debug|Any CPU.Build.0 = Debug|Any CPU
		{499ACB1C-A94B-473B-A015-A4DC09359A86}.Release|Any CPU.ActiveCfg = Release|Any CPU
		{499ACB1C-A94B-473B-A015-A4DC09359A86}.Release|Any CPU.Build.0 = Release|Any CPU
	EndGlobalSection
	GlobalSection(SolutionProperties) = preSolution
		HideSolutionNode = FALSE
	EndGlobalSection
	GlobalSection(ExtensibilityGlobals) = postSolution
		SolutionGuid = {C0830943-D69A-4A94-8704-B1D021F07D2D}
	EndGlobalSection
EndGlobal
